
Microsoft Visual Studio Solution File, Format Version 12.00
# Visual Studio Version 16
VisualStudioVersion = 16.0.33214.272
MinimumVisualStudioVersion = 10.0.40219.1
Project("{FAE04EC0-301F-11D3-BF4B-00C04F79EFBC}") = "Mission2.2", "Mission2.2\Mission2.2.csproj", "{960EFABC-9A22-4727-B586-0AE9D8BCAD0B}"
EndProject
Global
	GlobalSection(SolutionConfigurationPlatforms) = preSolution
		Debug|Any CPU = Debug|Any CPU
		Release|Any CPU = Release|Any CPU
	EndGlobalSection
	GlobalSection(ProjectConfigurationPlatforms) = postSolution
		{960EFABC-9A22-4727-B586-0AE9D8BCAD0B}.Debug|Any CPU.ActiveCfg = Debug|Any CPU
		{960EFABC-9A22-4727-B586-0AE9D8BCAD0B}.Debug|Any CPU.Build.0 = Debug|Any CPU
		{960EFABC-9A22-4727-B586-0AE9D8BCAD0B}.Release|Any CPU.ActiveCfg = Release|Any CPU
		{960EFABC-9A22-4727-B586-0AE9D8BCAD0B}.Release|Any CPU.Build.0 = Release|Any CPU
	EndGlobalSection
	GlobalSection(SolutionProperties) = preSolution
		HideSolutionNode = FALSE
	EndGlobalSection
	GlobalSection(ExtensibilityGlobals) = postSolution
		SolutionGuid = {5EFFDFB7-1B05-4770-A0B5-03F2AB5C75FE}
	EndGlobalSection
EndGlobal
